
Microsoft Visual Studio Solution File, Format Version 12.00
# Visual Studio Version 17
VisualStudioVersion = 17.14.35906.104 d17.14
MinimumVisualStudioVersion = 10.0.40219.1
Project("{FAE04EC0-301F-11D3-BF4B-00C04F79EFBC}") = "Aula13Arquivos", "Aula13Arquivos\Aula13Arquivos.csproj", "{44C9809B-7715-4CB1-B31E-DA6B6BDE193A}"
EndProject
Global
	GlobalSection(SolutionConfigurationPlatforms) = preSolution
		Debug|Any CPU = Debug|Any CPU
		Release|Any CPU = Release|Any CPU
	EndGlobalSection
	GlobalSection(ProjectConfigurationPlatforms) = postSolution
		{44C9809B-7715-4CB1-B31E-DA6B6BDE193A}.Debug|Any CPU.ActiveCfg = Debug|Any CPU
		{44C9809B-7715-4CB1-B31E-DA6B6BDE193A}.Debug|Any CPU.Build.0 = Debug|Any CPU
		{44C9809B-7715-4CB1-B31E-DA6B6BDE193A}.Release|Any CPU.ActiveCfg = Release|Any CPU
		{44C9809B-7715-4CB1-B31E-DA6B6BDE193A}.Release|Any CPU.Build.0 = Release|Any CPU
	EndGlobalSection
	GlobalSection(SolutionProperties) = preSolution
		HideSolutionNode = FALSE
	EndGlobalSection
	GlobalSection(ExtensibilityGlobals) = postSolution
		SolutionGuid = {3A6E471B-18DF-4C55-A16A-D8B19A8749A8}
	EndGlobalSection
EndGlobal
